{
  "name": "abp-masa-blazor-ui",
  "version": "1.0.0",
  "lockfileVersion": 2,
  "requires": true,
  "packages": {
    "": {
      "name": "abp-masa-blazor-ui",
      "version": "1.0.0",
      "dependencies": {
        "@mdi/font": "^7.0.96",
        "flag-icons": "^6.6.6",
        "font-awesome": "^4.7.0"
      }
    },
    "node_modules/@mdi/font": {
      "version": "7.0.96",
      "resolved": "https://registry.npmjs.org/@mdi/font/-/font-7.0.96.tgz",
      "integrity": "sha512-rzlxTfR64hqY8yiBzDjmANfcd8rv+T5C0Yedv/TWk2QyAQYdc66e0kaN1ipmnYU3RukHRTRcBARHzzm+tIhL7w=="
    },
    "node_modules/flag-icons": {
      "version": "6.6.6",
      "resolved": "https://registry.npmjs.org/flag-icons/-/flag-icons-6.6.6.tgz",
      "integrity": "sha512-4lHDKxldnQ7q617pf9Dx9nAetT+9zcMpUexbRrc9kjLw9KJgZ83zA5Dky3Vv7ZDzUjAiZ46x/cy5P0HnEnqA2A=="
    },
    "node_modules/font-awesome": {
      "version": "4.7.0",
      "resolved": "https://registry.npmjs.org/font-awesome/-/font-awesome-4.7.0.tgz",
      "integrity": "sha512-U6kGnykA/6bFmg1M/oT9EkFeIYv7JlX3bozwQJWiiLz6L0w3F5vBVPxHlwyX/vtNq1ckcpRKOB9f2Qal/VtFpg==",
      "engines": {
        "node": ">=0.10.3"
      }
    }
  },
  "dependencies": {
    "@mdi/font": {
      "version": "7.0.96",
      "resolved": "https://registry.npmjs.org/@mdi/font/-/font-7.0.96.tgz",
      "integrity": "sha512-rzlxTfR64hqY8yiBzDjmANfcd8rv+T5C0Yedv/TWk2QyAQYdc66e0kaN1ipmnYU3RukHRTRcBARHzzm+tIhL7w=="
    },
    "flag-icons": {
      "version": "6.6.6",
      "resolved": "https://registry.npmjs.org/flag-icons/-/flag-icons-6.6.6.tgz",
      "integrity": "sha512-4lHDKxldnQ7q617pf9Dx9nAetT+9zcMpUexbRrc9kjLw9KJgZ83zA5Dky3Vv7ZDzUjAiZ46x/cy5P0HnEnqA2A=="
    },
    "font-awesome": {
      "version": "4.7.0",
      "resolved": "https://registry.npmjs.org/font-awesome/-/font-awesome-4.7.0.tgz",
      "integrity": "sha512-U6kGnykA/6bFmg1M/oT9EkFeIYv7JlX3bozwQJWiiLz6L0w3F5vBVPxHlwyX/vtNq1ckcpRKOB9f2Qal/VtFpg=="
    }
  }
}
