
Microsoft Visual Studio Solution File, Format Version 12.00
Project("{FAE04EC0-301F-11D3-BF4B-00C04F79EFBC}") = "Secyud.Abp.MasaBlazorUi", "src\Secyud.Abp.MasaBlazorUi\Secyud.Abp.MasaBlazorUi.csproj", "{130E03F5-BF9C-41DD-8568-2E5D84AB5313}"
EndProject
Global
	GlobalSection(SolutionConfigurationPlatforms) = preSolution
		Debug|Any CPU = Debug|Any CPU
		Release|Any CPU = Release|Any CPU
	EndGlobalSection
	GlobalSection(ProjectConfigurationPlatforms) = postSolution
		{130E03F5-BF9C-41DD-8568-2E5D84AB5313}.Debug|Any CPU.ActiveCfg = Debug|Any CPU
		{130E03F5-BF9C-41DD-8568-2E5D84AB5313}.Debug|Any CPU.Build.0 = Debug|Any CPU
		{130E03F5-BF9C-41DD-8568-2E5D84AB5313}.Release|Any CPU.ActiveCfg = Release|Any CPU
		{130E03F5-BF9C-41DD-8568-2E5D84AB5313}.Release|Any CPU.Build.0 = Release|Any CPU
	EndGlobalSection
EndGlobal
