
Microsoft Visual Studio Solution File, Format Version 12.00
Project("{FAE04EC0-301F-11D3-BF4B-00C04F79EFBC}") = "Secyud.Abp.MasaBlazorUi", "src\Secyud.Abp.MasaBlazorUi\Secyud.Abp.MasaBlazorUi.csproj", "{130E03F5-BF9C-41DD-8568-2E5D84AB5313}"
EndProject
Project("{FAE04EC0-301F-11D3-BF4B-00C04F79EFBC}") = "Secyud.Abp.AspNetCore.Components.Web.Theming", "src\Secyud.Abp.AspNetCore.Components.Web.Theming\Secyud.Abp.AspNetCore.Components.Web.Theming.csproj", "{99A0B410-10CB-4C6B-B349-CCC1E95C82BA}"
EndProject
Project("{FAE04EC0-301F-11D3-BF4B-00C04F79EFBC}") = "Secyud.Abp.AspNetCore.Components.Server.Theming", "src\Secyud.Abp.AspNetCore.Components.Server.Theming\Secyud.Abp.AspNetCore.Components.Server.Theming.csproj", "{52B2E4BF-B5D5-42C1-A548-0EF1A7C929E7}"
EndProject
Project("{FAE04EC0-301F-11D3-BF4B-00C04F79EFBC}") = "Secyud.Abp.AspNetCore.Components.WebAssembly.Theming", "src\Secyud.Abp.AspNetCore.Components.WebAssembly.Theming\Secyud.Abp.AspNetCore.Components.WebAssembly.Theming.csproj", "{9AFF256B-D34A-4FFD-AC6E-04C205C4552A}"
EndProject
Global
	GlobalSection(SolutionConfigurationPlatforms) = preSolution
		Debug|Any CPU = Debug|Any CPU
		Release|Any CPU = Release|Any CPU
	EndGlobalSection
	GlobalSection(ProjectConfigurationPlatforms) = postSolution
		{130E03F5-BF9C-41DD-8568-2E5D84AB5313}.Debug|Any CPU.ActiveCfg = Debug|Any CPU
		{130E03F5-BF9C-41DD-8568-2E5D84AB5313}.Debug|Any CPU.Build.0 = Debug|Any CPU
		{130E03F5-BF9C-41DD-8568-2E5D84AB5313}.Release|Any CPU.ActiveCfg = Release|Any CPU
		{130E03F5-BF9C-41DD-8568-2E5D84AB5313}.Release|Any CPU.Build.0 = Release|Any CPU
		{99A0B410-10CB-4C6B-B349-CCC1E95C82BA}.Debug|Any CPU.ActiveCfg = Debug|Any CPU
		{99A0B410-10CB-4C6B-B349-CCC1E95C82BA}.Debug|Any CPU.Build.0 = Debug|Any CPU
		{99A0B410-10CB-4C6B-B349-CCC1E95C82BA}.Release|Any CPU.ActiveCfg = Release|Any CPU
		{99A0B410-10CB-4C6B-B349-CCC1E95C82BA}.Release|Any CPU.Build.0 = Release|Any CPU
		{52B2E4BF-B5D5-42C1-A548-0EF1A7C929E7}.Debug|Any CPU.ActiveCfg = Debug|Any CPU
		{52B2E4BF-B5D5-42C1-A548-0EF1A7C929E7}.Debug|Any CPU.Build.0 = Debug|Any CPU
		{52B2E4BF-B5D5-42C1-A548-0EF1A7C929E7}.Release|Any CPU.ActiveCfg = Release|Any CPU
		{52B2E4BF-B5D5-42C1-A548-0EF1A7C929E7}.Release|Any CPU.Build.0 = Release|Any CPU
		{9AFF256B-D34A-4FFD-AC6E-04C205C4552A}.Debug|Any CPU.ActiveCfg = Debug|Any CPU
		{9AFF256B-D34A-4FFD-AC6E-04C205C4552A}.Debug|Any CPU.Build.0 = Debug|Any CPU
		{9AFF256B-D34A-4FFD-AC6E-04C205C4552A}.Release|Any CPU.ActiveCfg = Release|Any CPU
		{9AFF256B-D34A-4FFD-AC6E-04C205C4552A}.Release|Any CPU.Build.0 = Release|Any CPU
	EndGlobalSection
EndGlobal
